
Microsoft Visual Studio Solution File, Format Version 12.00
# Visual Studio Version 17
VisualStudioVersion = 17.5.33424.131
MinimumVisualStudioVersion = 10.0.40219.1
Project("{8BC9CEB8-8B4A-11D0-8D11-00A0C91BC942}") = "AHCPC-E", "AHCPC-E.vcxproj", "{918DF9DD-E37A-48BC-8899-DBC2CB6D5F1F}"
EndProject
Global
	GlobalSection(SolutionConfigurationPlatforms) = preSolution
		Debug|x64 = Debug|x64
		Debug|x86 = Debug|x86
		Release|x64 = Release|x64
		Release|x86 = Release|x86
	EndGlobalSection
	GlobalSection(ProjectConfigurationPlatforms) = postSolution
		{918DF9DD-E37A-48BC-8899-DBC2CB6D5F1F}.Debug|x64.ActiveCfg = Debug|x64
		{918DF9DD-E37A-48BC-8899-DBC2CB6D5F1F}.Debug|x64.Build.0 = Debug|x64
		{918DF9DD-E37A-48BC-8899-DBC2CB6D5F1F}.Debug|x86.ActiveCfg = Debug|Win32
		{918DF9DD-E37A-48BC-8899-DBC2CB6D5F1F}.Debug|x86.Build.0 = Debug|Win32
		{918DF9DD-E37A-48BC-8899-DBC2CB6D5F1F}.Release|x64.ActiveCfg = Release|x64
		{918DF9DD-E37A-48BC-8899-DBC2CB6D5F1F}.Release|x64.Build.0 = Release|x64
		{918DF9DD-E37A-48BC-8899-DBC2CB6D5F1F}.Release|x86.ActiveCfg = Release|Win32
		{918DF9DD-E37A-48BC-8899-DBC2CB6D5F1F}.Release|x86.Build.0 = Release|Win32
	EndGlobalSection
	GlobalSection(SolutionProperties) = preSolution
		HideSolutionNode = FALSE
	EndGlobalSection
	GlobalSection(ExtensibilityGlobals) = postSolution
		SolutionGuid = {3B161468-1D97-43E0-92EC-039553835509}
	EndGlobalSection
EndGlobal
