
Microsoft Visual Studio Solution File, Format Version 12.00
# Visual Studio Version 17
VisualStudioVersion = 17.3.32929.385
MinimumVisualStudioVersion = 10.0.40219.1
Project("{8BC9CEB8-8B4A-11D0-8D11-00A0C91BC942}") = "任务管理3.0", "任务管理3.0\任务管理3.0.vcxproj", "{FF187295-5024-4DF4-A354-949C7DE5FB30}"
EndProject
Global
	GlobalSection(SolutionConfigurationPlatforms) = preSolution
		Debug|x64 = Debug|x64
		Debug|x86 = Debug|x86
		Release|x64 = Release|x64
		Release|x86 = Release|x86
	EndGlobalSection
	GlobalSection(ProjectConfigurationPlatforms) = postSolution
		{FF187295-5024-4DF4-A354-949C7DE5FB30}.Debug|x64.ActiveCfg = Debug|x64
		{FF187295-5024-4DF4-A354-949C7DE5FB30}.Debug|x64.Build.0 = Debug|x64
		{FF187295-5024-4DF4-A354-949C7DE5FB30}.Debug|x86.ActiveCfg = Debug|Win32
		{FF187295-5024-4DF4-A354-949C7DE5FB30}.Debug|x86.Build.0 = Debug|Win32
		{FF187295-5024-4DF4-A354-949C7DE5FB30}.Release|x64.ActiveCfg = Release|x64
		{FF187295-5024-4DF4-A354-949C7DE5FB30}.Release|x64.Build.0 = Release|x64
		{FF187295-5024-4DF4-A354-949C7DE5FB30}.Release|x86.ActiveCfg = Release|Win32
		{FF187295-5024-4DF4-A354-949C7DE5FB30}.Release|x86.Build.0 = Release|Win32
	EndGlobalSection
	GlobalSection(SolutionProperties) = preSolution
		HideSolutionNode = FALSE
	EndGlobalSection
	GlobalSection(ExtensibilityGlobals) = postSolution
		SolutionGuid = {888B5A1F-CB3B-4511-B3E8-4BDDC1B8B6EE}
	EndGlobalSection
EndGlobal
