
Microsoft Visual Studio Solution File, Format Version 12.00
# Visual Studio Version 17
VisualStudioVersion = 17.5.33424.131
MinimumVisualStudioVersion = 10.0.40219.1
Project("{8BC9CEB8-8B4A-11D0-8D11-00A0C91BC942}") = "栈", "栈\栈.vcxproj", "{F9CCAB0B-4368-4092-9820-27E319D90F89}"
EndProject
Global
	GlobalSection(SolutionConfigurationPlatforms) = preSolution
		Debug|x64 = Debug|x64
		Debug|x86 = Debug|x86
		Release|x64 = Release|x64
		Release|x86 = Release|x86
	EndGlobalSection
	GlobalSection(ProjectConfigurationPlatforms) = postSolution
		{F9CCAB0B-4368-4092-9820-27E319D90F89}.Debug|x64.ActiveCfg = Debug|x64
		{F9CCAB0B-4368-4092-9820-27E319D90F89}.Debug|x64.Build.0 = Debug|x64
		{F9CCAB0B-4368-4092-9820-27E319D90F89}.Debug|x86.ActiveCfg = Debug|Win32
		{F9CCAB0B-4368-4092-9820-27E319D90F89}.Debug|x86.Build.0 = Debug|Win32
		{F9CCAB0B-4368-4092-9820-27E319D90F89}.Release|x64.ActiveCfg = Release|x64
		{F9CCAB0B-4368-4092-9820-27E319D90F89}.Release|x64.Build.0 = Release|x64
		{F9CCAB0B-4368-4092-9820-27E319D90F89}.Release|x86.ActiveCfg = Release|Win32
		{F9CCAB0B-4368-4092-9820-27E319D90F89}.Release|x86.Build.0 = Release|Win32
	EndGlobalSection
	GlobalSection(SolutionProperties) = preSolution
		HideSolutionNode = FALSE
	EndGlobalSection
	GlobalSection(ExtensibilityGlobals) = postSolution
		SolutionGuid = {7523E27E-CF47-4AE8-9B12-8BB3E1B6F92F}
	EndGlobalSection
EndGlobal
